
Microsoft Visual Studio Solution File, Format Version 12.00
# Visual Studio Version 18
VisualStudioVersion = 18.4.11626.88
MinimumVisualStudioVersion = 10.0.40219.1
Project("{FAE04EC0-301F-11D3-BF4B-00C04F79EFBC}") = "ApiUser", "ApiUser\ApiUser.csproj", "{BACA2A0F-11C0-067E-CC42-53DDFEE09CD6}"
EndProject
Project("{FAE04EC0-301F-11D3-BF4B-00C04F79EFBC}") = "ApiPost", "ApiPost\ApiPost.csproj", "{765F727E-D671-D04F-5FC7-E6CCC5BD0FEA}"
EndProject
Global
	GlobalSection(SolutionConfigurationPlatforms) = preSolution
		Debug|Any CPU = Debug|Any CPU
		Release|Any CPU = Release|Any CPU
	EndGlobalSection
	GlobalSection(ProjectConfigurationPlatforms) = postSolution
		{BACA2A0F-11C0-067E-CC42-53DDFEE09CD6}.Debug|Any CPU.ActiveCfg = Debug|Any CPU
		{BACA2A0F-11C0-067E-CC42-53DDFEE09CD6}.Debug|Any CPU.Build.0 = Debug|Any CPU
		{BACA2A0F-11C0-067E-CC42-53DDFEE09CD6}.Release|Any CPU.ActiveCfg = Release|Any CPU
		{BACA2A0F-11C0-067E-CC42-53DDFEE09CD6}.Release|Any CPU.Build.0 = Release|Any CPU
		{765F727E-D671-D04F-5FC7-E6CCC5BD0FEA}.Debug|Any CPU.ActiveCfg = Debug|Any CPU
		{765F727E-D671-D04F-5FC7-E6CCC5BD0FEA}.Debug|Any CPU.Build.0 = Debug|Any CPU
		{765F727E-D671-D04F-5FC7-E6CCC5BD0FEA}.Release|Any CPU.ActiveCfg = Release|Any CPU
		{765F727E-D671-D04F-5FC7-E6CCC5BD0FEA}.Release|Any CPU.Build.0 = Release|Any CPU
	EndGlobalSection
	GlobalSection(SolutionProperties) = preSolution
		HideSolutionNode = FALSE
	EndGlobalSection
	GlobalSection(ExtensibilityGlobals) = postSolution
		SolutionGuid = {4EF40AEF-AF76-46F1-B672-861CA265906C}
	EndGlobalSection
EndGlobal
